// !$*UTF8*$!
{
	archiveVersion = 1;
	classes = {
	};
	objectVersion = 50;
	objects = {

/* Begin PBXBuildFile section */
		9BA5BE39248FF33800610567 /* Hikes.swift in Sources */ = {isa = PBXBuildFile; fileRef = 9BA5BE38248FF33800610567 /* Hikes.swift */; };
		9BA5BE3B2490074700610567 /* HikeDtails.swift in Sources */ = {isa = PBXBuildFile; fileRef = 9BA5BE3A2490074700610567 /* HikeDtails.swift */; };
		9BFE1DCE2487CE8600F4E8B2 /* AppDelegate.swift in Sources */ = {isa = PBXBuildFile; fileRef = 9BFE1DCD2487CE8600F4E8B2 /* AppDelegate.swift */; };
		9BFE1DD02487CE8600F4E8B2 /* ContentView.swift in Sources */ = {isa = PBXBuildFile; fileRef = 9BFE1DCF2487CE8600F4E8B2 /* ContentView.swift */; };
		9BFE1DD22487CE8700F4E8B2 /* Assets.xcassets in Resources */ = {isa = PBXBuildFile; fileRef = 9BFE1DD12487CE8700F4E8B2 /* Assets.xcassets */; };
		9BFE1DD52487CE8700F4E8B2 /* Preview Assets.xcassets in Resources */ = {isa = PBXBuildFile; fileRef = 9BFE1DD42487CE8700F4E8B2 /* Preview Assets.xcassets */; };
		9BFE1DD82487CE8700F4E8B2 /* LaunchScreen.storyboard in Resources */ = {isa = PBXBuildFile; fileRef = 9BFE1DD62487CE8700F4E8B2 /* LaunchScreen.storyboard */; };
/* End PBXBuildFile section */

/* Begin PBXFileReference section */
		9BA5BE38248FF33800610567 /* Hikes.swift */ = {isa = PBXFileReference; lastKnownFileType = sourcecode.swift; path = Hikes.swift; sourceTree = "<group>"; };
		9BA5BE3A2490074700610567 /* HikeDtails.swift */ = {isa = PBXFileReference; lastKnownFileType = sourcecode.swift; path = HikeDtails.swift; sourceTree = "<group>"; };
		9BFE1DCA2487CE8600F4E8B2 /* First App Tv.app */ = {isa = PBXFileReference; explicitFileType = wrapper.application; includeInIndex = 0; path = "First App Tv.app"; sourceTree = BUILT_PRODUCTS_DIR; };
		9BFE1DCD2487CE8600F4E8B2 /* AppDelegate.swift */ = {isa = PBXFileReference; lastKnownFileType = sourcecode.swift; path = AppDelegate.swift; sourceTree = "<group>"; };
		9BFE1DCF2487CE8600F4E8B2 /* ContentView.swift */ = {isa = PBXFileReference; lastKnownFileType = sourcecode.swift; path = ContentView.swift; sourceTree = "<group>"; };
		9BFE1DD12487CE8700F4E8B2 /* Assets.xcassets */ = {isa = PBXFileReference; lastKnownFileType = folder.assetcatalog; path = Assets.xcassets; sourceTree = "<group>"; };
		9BFE1DD42487CE8700F4E8B2 /* Preview Assets.xcassets */ = {isa = PBXFileReference; lastKnownFileType = folder.assetcatalog; path = "Preview Assets.xcassets"; sourceTree = "<group>"; };
		9BFE1DD72487CE8700F4E8B2 /* Base */ = {isa = PBXFileReference; lastKnownFileType = file.storyboard; name = Base; path = Base.lproj/LaunchScreen.storyboard; sourceTree = "<group>"; };
		9BFE1DD92487CE8700F4E8B2 /* Info.plist */ = {isa = PBXFileReference; lastKnownFileType = text.plist.xml; path = Info.plist; sourceTree = "<group>"; };
/* End PBXFileReference section */

/* Begin PBXFrameworksBuildPhase section */
		9BFE1DC72487CE8600F4E8B2 /* Frameworks */ = {
			isa = PBXFrameworksBuildPhase;
			buildActionMask = 2147483647;
			files = (
			);
			runOnlyForDeploymentPostprocessing = 0;
		};
/* End PBXFrameworksBuildPhase section */

/* Begin PBXGroup section */
		9BA5BE37248FF2A500610567 /* Models */ = {
			isa = PBXGroup;
			children = (
				9BA5BE38248FF33800610567 /* Hikes.swift */,
			);
			path = Models;
			sourceTree = "<group>";
		};
		9BFE1DC12487CE8600F4E8B2 = {
			isa = PBXGroup;
			children = (
				9BFE1DCC2487CE8600F4E8B2 /* First App Tv */,
				9BFE1DCB2487CE8600F4E8B2 /* Products */,
			);
			sourceTree = "<group>";
		};
		9BFE1DCB2487CE8600F4E8B2 /* Products */ = {
			isa = PBXGroup;
			children = (
				9BFE1DCA2487CE8600F4E8B2 /* First App Tv.app */,
			);
			name = Products;
			sourceTree = "<group>";
		};
		9BFE1DCC2487CE8600F4E8B2 /* First App Tv */ = {
			isa = PBXGroup;
			children = (
				9BA5BE37248FF2A500610567 /* Models */,
				9BFE1DCD2487CE8600F4E8B2 /* AppDelegate.swift */,
				9BFE1DCF2487CE8600F4E8B2 /* ContentView.swift */,
				9BA5BE3A2490074700610567 /* HikeDtails.swift */,
				9BFE1DD12487CE8700F4E8B2 /* Assets.xcassets */,
				9BFE1DD62487CE8700F4E8B2 /* LaunchScreen.storyboard */,
				9BFE1DD92487CE8700F4E8B2 /* Info.plist */,
				9BFE1DD32487CE8700F4E8B2 /* Preview Content */,
			);
			path = "First App Tv";
			sourceTree = "<group>";
		};
		9BFE1DD32487CE8700F4E8B2 /* Preview Content */ = {
			isa = PBXGroup;
			children = (
				9BFE1DD42487CE8700F4E8B2 /* Preview Assets.xcassets */,
			);
			path = "Preview Content";
			sourceTree = "<group>";
		};
/* End PBXGroup section */

/* Begin PBXNativeTarget section */
		9BFE1DC92487CE8600F4E8B2 /* First App Tv */ = {
			isa = PBXNativeTarget;
			buildConfigurationList = 9BFE1DDC2487CE8700F4E8B2 /* Build configuration list for PBXNativeTarget "First App Tv" */;
			buildPhases = (
				9BFE1DC62487CE8600F4E8B2 /* Sources */,
				9BFE1DC72487CE8600F4E8B2 /* Frameworks */,
				9BFE1DC82487CE8600F4E8B2 /* Resources */,
			);
			buildRules = (
			);
			dependencies = (
			);
			name = "First App Tv";
			productName = "First App Tv";
			productReference = 9BFE1DCA2487CE8600F4E8B2 /* First App Tv.app */;
			productType = "com.apple.product-type.application";
		};
/* End PBXNativeTarget section */

/* Begin PBXProject section */
		9BFE1DC22487CE8600F4E8B2 /* Project object */ = {
			isa = PBXProject;
			attributes = {
				LastSwiftUpdateCheck = 1150;
				LastUpgradeCheck = 1150;
				ORGANIZATIONNAME = "Islam Elshazly";
				TargetAttributes = {
					9BFE1DC92487CE8600F4E8B2 = {
						CreatedOnToolsVersion = 11.5;
					};
				};
			};
			buildConfigurationList = 9BFE1DC52487CE8600F4E8B2 /* Build configuration list for PBXProject "First App Tv" */;
			compatibilityVersion = "Xcode 9.3";
			developmentRegion = en;
			hasScannedForEncodings = 0;
			knownRegions = (
				en,
				Base,
			);
			mainGroup = 9BFE1DC12487CE8600F4E8B2;
			productRefGroup = 9BFE1DCB2487CE8600F4E8B2 /* Products */;
			projectDirPath = "";
			projectRoot = "";
			targets = (
				9BFE1DC92487CE8600F4E8B2 /* First App Tv */,
			);
		};
/* End PBXProject section */

/* Begin PBXResourcesBuildPhase section */
		9BFE1DC82487CE8600F4E8B2 /* Resources */ = {
			isa = PBXResourcesBuildPhase;
			buildActionMask = 2147483647;
			files = (
				9BFE1DD82487CE8700F4E8B2 /* LaunchScreen.storyboard in Resources */,
				9BFE1DD52487CE8700F4E8B2 /* Preview Assets.xcassets in Resources */,
				9BFE1DD22487CE8700F4E8B2 /* Assets.xcassets in Resources */,
			);
			runOnlyForDeploymentPostprocessing = 0;
		};
/* End PBXResourcesBuildPhase section */

/* Begin PBXSourcesBuildPhase section */
		9BFE1DC62487CE8600F4E8B2 /* Sources */ = {
			isa = PBXSourcesBuildPhase;
			buildActionMask = 2147483647;
			files = (
				9BFE1DD02487CE8600F4E8B2 /* ContentView.swift in Sources */,
				9BA5BE3B2490074700610567 /* HikeDtails.swift in Sources */,
				9BFE1DCE2487CE8600F4E8B2 /* AppDelegate.swift in Sources */,
				9BA5BE39248FF33800610567 /* Hikes.swift in Sources */,
			);
			runOnlyForDeploymentPostprocessing = 0;
		};
/* End PBXSourcesBuildPhase section */

/* Begin PBXVariantGroup section */
		9BFE1DD62487CE8700F4E8B2 /* LaunchScreen.storyboard */ = {
			isa = PBXVariantGroup;
			children = (
				9BFE1DD72487CE8700F4E8B2 /* Base */,
			);
			name = LaunchScreen.storyboard;
			sourceTree = "<group>";
		};
/* End PBXVariantGroup section */

/* Begin XCBuildConfiguration section */
		9BFE1DDA2487CE8700F4E8B2 /* Debug */ = {
			isa = XCBuildConfiguration;
			buildSettings = {
				ALWAYS_SEARCH_USER_PATHS = NO;
				CLANG_ANALYZER_NONNULL = YES;
				CLANG_ANALYZER_NUMBER_OBJECT_CONVERSION = YES_AGGRESSIVE;
				CLANG_CXX_LANGUAGE_STANDARD = "gnu++14";
				CLANG_CXX_LIBRARY = "libc++";
				CLANG_ENABLE_MODULES = YES;
				CLANG_ENABLE_OBJC_ARC = YES;
				CLANG_ENABLE_OBJC_WEAK = YES;
				CLANG_WARN_BLOCK_CAPTURE_AUTORELEASING = YES;
				CLANG_WARN_BOOL_CONVERSION = YES;
				CLANG_WARN_COMMA = YES;
				CLANG_WARN_CONSTANT_CONVERSION = YES;
				CLANG_WARN_DEPRECATED_OBJC_IMPLEMENTATIONS = YES;
				CLANG_WARN_DIRECT_OBJC_ISA_USAGE = YES_ERROR;
				CLANG_WARN_DOCUMENTATION_COMMENTS = YES;
				CLANG_WARN_EMPTY_BODY = YES;
				CLANG_WARN_ENUM_CONVERSION = YES;
				CLANG_WARN_INFINITE_RECURSION = YES;
				CLANG_WARN_INT_CONVERSION = YES;
				CLANG_WARN_NON_LITERAL_NULL_CONVERSION = YES;
				CLANG_WARN_OBJC_IMPLICIT_RETAIN_SELF = YES;
				CLANG_WARN_OBJC_LITERAL_CONVERSION = YES;
				CLANG_WARN_OBJC_ROOT_CLASS = YES_ERROR;
				CLANG_WARN_RANGE_LOOP_ANALYSIS = YES;
				CLANG_WARN_STRICT_PROTOTYPES = YES;
				CLANG_WARN_SUSPICIOUS_MOVE = YES;
				CLANG_WARN_UNGUARDED_AVAILABILITY = YES_AGGRESSIVE;
				CLANG_WARN_UNREACHABLE_CODE = YES;
				CLANG_WARN__DUPLICATE_METHOD_MATCH = YES;
				COPY_PHASE_STRIP = NO;
				DEBUG_INFORMATION_FORMAT = dwarf;
				ENABLE_STRICT_OBJC_MSGSEND = YES;
				ENABLE_TESTABILITY = YES;
				GCC_C_LANGUAGE_STANDARD = gnu11;
				GCC_DYNAMIC_NO_PIC = NO;
				GCC_NO_COMMON_BLOCKS = YES;
				GCC_OPTIMIZATION_LEVEL = 0;
				GCC_PREPROCESSOR_DEFINITIONS = (
					"DEBUG=1",
					"$(inherited)",
				);
				GCC_WARN_64_TO_32_BIT_CONVERSION = YES;
				GCC_WARN_ABOUT_RETURN_TYPE = YES_ERROR;
				GCC_WARN_UNDECLARED_SELECTOR = YES;
				GCC_WARN_UNINITIALIZED_AUTOS = YES_AGGRESSIVE;
				GCC_WARN_UNUSED_FUNCTION = YES;
				GCC_WARN_UNUSED_VARIABLE = YES;
				MTL_ENABLE_DEBUG_INFO = INCLUDE_SOURCE;
				MTL_FAST_MATH = YES;
				ONLY_ACTIVE_ARCH = YES;
				SDKROOT = appletvos;
				SWIFT_ACTIVE_COMPILATION_CONDITIONS = DEBUG;
				SWIFT_OPTIMIZATION_LEVEL = "-Onone";
				TVOS_DEPLOYMENT_TARGET = 13.4;
			};
			name = Debug;
		};
		9BFE1DDB2487CE8700F4E8B2 /* Release */ = {
			isa = XCBuildConfiguration;
			buildSettings = {
				ALWAYS_SEARCH_USER_PATHS = NO;
				CLANG_ANALYZER_NONNULL = YES;
				CLANG_ANALYZER_NUMBER_OBJECT_CONVERSION = YES_AGGRESSIVE;
				CLANG_CXX_LANGUAGE_STANDARD = "gnu++14";
				CLANG_CXX_LIBRARY = "libc++";
				CLANG_ENABLE_MODULES = YES;
				CLANG_ENABLE_OBJC_ARC = YES;
				CLANG_ENABLE_OBJC_WEAK = YES;
				CLANG_WARN_BLOCK_CAPTURE_AUTORELEASING = YES;
				CLANG_WARN_BOOL_CONVERSION = YES;
				CLANG_WARN_COMMA = YES;
				CLANG_WARN_CONSTANT_CONVERSION = YES;
				CLANG_WARN_DEPRECATED_OBJC_IMPLEMENTATIONS = YES;
				CLANG_WARN_DIRECT_OBJC_ISA_USAGE = YES_ERROR;
				CLANG_WARN_DOCUMENTATION_COMMENTS = YES;
				CLANG_WARN_EMPTY_BODY = YES;
				CLANG_WARN_ENUM_CONVERSION = YES;
				CLANG_WARN_INFINITE_RECURSION = YES;
				CLANG_WARN_INT_CONVERSION = YES;
				CLANG_WARN_NON_LITERAL_NULL_CONVERSION = YES;
				CLANG_WARN_OBJC_IMPLICIT_RETAIN_SELF = YES;
				CLANG_WARN_OBJC_LITERAL_CONVERSION = YES;
				CLANG_WARN_OBJC_ROOT_CLASS = YES_ERROR;
				CLANG_WARN_RANGE_LOOP_ANALYSIS = YES;
				CLANG_WARN_STRICT_PROTOTYPES = YES;
				CLANG_WARN_SUSPICIOUS_MOVE = YES;
				CLANG_WARN_UNGUARDED_AVAILABILITY = YES_AGGRESSIVE;
				CLANG_WARN_UNREACHABLE_CODE = YES;
				CLANG_WARN__DUPLICATE_METHOD_MATCH = YES;
				COPY_PHASE_STRIP = NO;
				DEBUG_INFORMATION_FORMAT = "dwarf-with-dsym";
				ENABLE_NS_ASSERTIONS = NO;
				ENABLE_STRICT_OBJC_MSGSEND = YES;
				GCC_C_LANGUAGE_STANDARD = gnu11;
				GCC_NO_COMMON_BLOCKS = YES;
				GCC_WARN_64_TO_32_BIT_CONVERSION = YES;
				GCC_WARN_ABOUT_RETURN_TYPE = YES_ERROR;
				GCC_WARN_UNDECLARED_SELECTOR = YES;
				GCC_WARN_UNINITIALIZED_AUTOS = YES_AGGRESSIVE;
				GCC_WARN_UNUSED_FUNCTION = YES;
				GCC_WARN_UNUSED_VARIABLE = YES;
				MTL_ENABLE_DEBUG_INFO = NO;
				MTL_FAST_MATH = YES;
				SDKROOT = appletvos;
				SWIFT_COMPILATION_MODE = wholemodule;
				SWIFT_OPTIMIZATION_LEVEL = "-O";
				TVOS_DEPLOYMENT_TARGET = 13.4;
				VALIDATE_PRODUCT = YES;
			};
			name = Release;
		};
		9BFE1DDD2487CE8700F4E8B2 /* Debug */ = {
			isa = XCBuildConfiguration;
			buildSettings = {
				ASSETCATALOG_COMPILER_APPICON_NAME = "App Icon & Top Shelf Image";
				CODE_SIGN_STYLE = Automatic;
				DEVELOPMENT_ASSET_PATHS = "\"First App Tv/Preview Content\"";
				DEVELOPMENT_TEAM = S78V3H8WV2;
				ENABLE_PREVIEWS = YES;
				INFOPLIST_FILE = "First App Tv/Info.plist";
				LD_RUNPATH_SEARCH_PATHS = (
					"$(inherited)",
					"@executable_path/Frameworks",
				);
				PRODUCT_BUNDLE_IDENTIFIER = "STC.First-App-Tv";
				PRODUCT_NAME = "$(TARGET_NAME)";
				SWIFT_VERSION = 5.0;
				TARGETED_DEVICE_FAMILY = 3;
			};
			name = Debug;
		};
		9BFE1DDE2487CE8700F4E8B2 /* Release */ = {
			isa = XCBuildConfiguration;
			buildSettings = {
				ASSETCATALOG_COMPILER_APPICON_NAME = "App Icon & Top Shelf Image";
				CODE_SIGN_STYLE = Automatic;
				DEVELOPMENT_ASSET_PATHS = "\"First App Tv/Preview Content\"";
				DEVELOPMENT_TEAM = S78V3H8WV2;
				ENABLE_PREVIEWS = YES;
				INFOPLIST_FILE = "First App Tv/Info.plist";
				LD_RUNPATH_SEARCH_PATHS = (
					"$(inherited)",
					"@executable_path/Frameworks",
				);
				PRODUCT_BUNDLE_IDENTIFIER = "STC.First-App-Tv";
				PRODUCT_NAME = "$(TARGET_NAME)";
				SWIFT_VERSION = 5.0;
				TARGETED_DEVICE_FAMILY = 3;
			};
			name = Release;
		};
/* End XCBuildConfiguration section */

/* Begin XCConfigurationList section */
		9BFE1DC52487CE8600F4E8B2 /* Build configuration list for PBXProject "First App Tv" */ = {
			isa = XCConfigurationList;
			buildConfigurations = (
				9BFE1DDA2487CE8700F4E8B2 /* Debug */,
				9BFE1DDB2487CE8700F4E8B2 /* Release */,
			);
			defaultConfigurationIsVisible = 0;
			defaultConfigurationName = Release;
		};
		9BFE1DDC2487CE8700F4E8B2 /* Build configuration list for PBXNativeTarget "First App Tv" */ = {
			isa = XCConfigurationList;
			buildConfigurations = (
				9BFE1DDD2487CE8700F4E8B2 /* Debug */,
				9BFE1DDE2487CE8700F4E8B2 /* Release */,
			);
			defaultConfigurationIsVisible = 0;
			defaultConfigurationName = Release;
		};
/* End XCConfigurationList section */
	};
	rootObject = 9BFE1DC22487CE8600F4E8B2 /* Project object */;
}
